
Microsoft Visual Studio Solution File, Format Version 12.00
# Visual Studio Version 17
VisualStudioVersion = 17.2.32630.192
MinimumVisualStudioVersion = 10.0.40219.1
Project("{FAE04EC0-301F-11D3-BF4B-00C04F79EFBC}") = "Labb 2 – Objektorienterad programmering", "Labb 2 – Objektorienterad programmering.csproj", "{4ED1B8FD-4F14-41D7-A08D-037901A2A94E}"
EndProject
Global
	GlobalSection(SolutionConfigurationPlatforms) = preSolution
		Debug|Any CPU = Debug|Any CPU
		Release|Any CPU = Release|Any CPU
	EndGlobalSection
	GlobalSection(ProjectConfigurationPlatforms) = postSolution
		{4ED1B8FD-4F14-41D7-A08D-037901A2A94E}.Debug|Any CPU.ActiveCfg = Debug|Any CPU
		{4ED1B8FD-4F14-41D7-A08D-037901A2A94E}.Debug|Any CPU.Build.0 = Debug|Any CPU
		{4ED1B8FD-4F14-41D7-A08D-037901A2A94E}.Release|Any CPU.ActiveCfg = Release|Any CPU
		{4ED1B8FD-4F14-41D7-A08D-037901A2A94E}.Release|Any CPU.Build.0 = Release|Any CPU
	EndGlobalSection
	GlobalSection(SolutionProperties) = preSolution
		HideSolutionNode = FALSE
	EndGlobalSection
	GlobalSection(ExtensibilityGlobals) = postSolution
		SolutionGuid = {85269416-828F-44C5-8D05-170298EAF21C}
	EndGlobalSection
EndGlobal
