
Microsoft Visual Studio Solution File, Format Version 12.00
# Visual Studio Version 17
VisualStudioVersion = 17.2.32630.192
MinimumVisualStudioVersion = 10.0.40219.1
Project("{FAE04EC0-301F-11D3-BF4B-00C04F79EFBC}") = "Labb 2", "Labb 2.csproj", "{A3A70B44-0AA7-4037-A110-9F0419BBCF25}"
EndProject
Global
	GlobalSection(SolutionConfigurationPlatforms) = preSolution
		Debug|Any CPU = Debug|Any CPU
		Release|Any CPU = Release|Any CPU
	EndGlobalSection
	GlobalSection(ProjectConfigurationPlatforms) = postSolution
		{A3A70B44-0AA7-4037-A110-9F0419BBCF25}.Debug|Any CPU.ActiveCfg = Debug|Any CPU
		{A3A70B44-0AA7-4037-A110-9F0419BBCF25}.Debug|Any CPU.Build.0 = Debug|Any CPU
		{A3A70B44-0AA7-4037-A110-9F0419BBCF25}.Release|Any CPU.ActiveCfg = Release|Any CPU
		{A3A70B44-0AA7-4037-A110-9F0419BBCF25}.Release|Any CPU.Build.0 = Release|Any CPU
	EndGlobalSection
	GlobalSection(SolutionProperties) = preSolution
		HideSolutionNode = FALSE
	EndGlobalSection
	GlobalSection(ExtensibilityGlobals) = postSolution
		SolutionGuid = {DF7AD9E5-2A20-40B0-9743-C46D0C019BD7}
	EndGlobalSection
EndGlobal
